
Microsoft Visual Studio Solution File, Format Version 12.00
# Visual Studio Version 17
VisualStudioVersion = 17.1.32421.90
MinimumVisualStudioVersion = 10.0.40219.1
Project("{FAE04EC0-301F-11D3-BF4B-00C04F79EFBC}") = "RejestrOsobZaginionych", "RejestrOsobZaginionych.csproj", "{BE7432B6-88C9-4DF7-8EA9-FF786D84E719}"
EndProject
Global
	GlobalSection(SolutionConfigurationPlatforms) = preSolution
		Debug|Any CPU = Debug|Any CPU
		Release|Any CPU = Release|Any CPU
	EndGlobalSection
	GlobalSection(ProjectConfigurationPlatforms) = postSolution
		{BE7432B6-88C9-4DF7-8EA9-FF786D84E719}.Debug|Any CPU.ActiveCfg = Debug|Any CPU
		{BE7432B6-88C9-4DF7-8EA9-FF786D84E719}.Debug|Any CPU.Build.0 = Debug|Any CPU
		{BE7432B6-88C9-4DF7-8EA9-FF786D84E719}.Release|Any CPU.ActiveCfg = Release|Any CPU
		{BE7432B6-88C9-4DF7-8EA9-FF786D84E719}.Release|Any CPU.Build.0 = Release|Any CPU
	EndGlobalSection
	GlobalSection(SolutionProperties) = preSolution
		HideSolutionNode = FALSE
	EndGlobalSection
	GlobalSection(ExtensibilityGlobals) = postSolution
		SolutionGuid = {E6439FFA-1EB3-4B07-AF33-89F3954AEC3E}
	EndGlobalSection
EndGlobal
